{
  "version": 4,
  "terraform_version": "0.15.4",
  "serial": 19,
  "lineage": "0de64494-1497-63dd-b052-96349880ecdf",
  "outputs": {
    "curl_stage_invoke_url": {
      "value": "curl https://4vjb3ptx15.execute-api.us-west-2.amazonaws.com/first/path1",
      "type": "string"
    }
  },
  "resources": [
    {
      "mode": "managed",
      "type": "aws_acm_certificate",
      "name": "first",
      "provider": "provider[\"registry.terraform.io/hashicorp/aws\"]",
      "instances": [
        {
          "schema_version": 0,
          "attributes": {
            "arn": "arn:aws:acm:us-west-2:612683071800:certificate/653a479e-5ec6-4fc8-9149-b602106a13ba",
            "certificate_authority_arn": "",
            "certificate_body": "-----BEGIN CERTIFICATE-----\nMIIDNzCCAh+gAwIBAgIQRGiHBliXepl2A+yF+TQ8LzANBgkqhkiG9w0BAQsFADAx\nMRswGQYDVQQKExJBQ01FIEV4YW1wbGVzLCBJbmMxEjAQBgNVBAMTCWZpcnN0LmNv\nbTAeFw0yMTA1MjYxMTUzMTNaFw0yMTA1MjYyMzUzMTNaMDExGzAZBgNVBAoTEkFD\nTUUgRXhhbXBsZXMsIEluYzESMBAGA1UEAxMJZmlyc3QuY29tMIIBIjANBgkqhkiG\n9w0BAQEFAAOCAQ8AMIIBCgKCAQEAx6utsBf3V7+Yaks424b83Ab7Yf9QisN8P+SL\nCasj7f+TbMoVid/SEXCRBuB2dDoR/c9u8pmCL7snhMVnFeTRYVlC4+pHS30IRqCv\n71wUJofV+5LSdy+OoCMXQxefpOWpYrQuzW48BMXmXVebKcXU1ZokasnOxIdi0xJI\nn5IQrkRg+UdLdbsngsEgYoJDjLHTwUL94QX+JMfTermgoLjIIHZxuMJfvTfRkquC\nB0++3CAhNYqxqbO5AQOGK9zMcojk6O9cEeh/kwQcdfQpxFuOB91yLUYBlc0roPOh\nsJX+e2klif5bkWpySEMfIoCwxMjbVaYaDVq+Ix2ucgIMnFpTIQIDAQABo0swSTAO\nBgNVHQ8BAf8EBAMCBaAwEwYDVR0lBAwwCgYIKwYBBQUHAwEwDAYDVR0TAQH/BAIw\nADAUBgNVHREEDTALgglmaXJzdC5jb20wDQYJKoZIhvcNAQELBQADggEBADReJzWz\nb+WYUKVPrvDl6iFUgWCBFLL1PzoTbY2PDuOCFDKlysFyrXRRaLQclgkIiDozFABI\n7nXhVqegMJrAFZAMCGEqbkNig8Mx/gP4Lu6om0Q/T3pP5MhQyznZmycKsxxqj/tt\nf7UhKbmzqknXVgMJUyH/430WaSO/OwaIZtp2kVegcKpyLWZq7InGqXcYpri7FBde\n/fGaVGPMkX7r173QOB6j4RGJifY7om5MQojqgdLdcpkQ0CRnGHVKTRPedFGbISW8\nF0VPzEzA+77JnySYxvAeERHgKAXisGaBaxqPxRZC3+mLECVhMRGuGVOmCwZArdRm\nhQ0QIR3XibaKE8Y=\n-----END CERTIFICATE-----\n",
            "certificate_chain": null,
            "domain_name": "first.com",
            "domain_validation_options": [],
            "id": "arn:aws:acm:us-west-2:612683071800:certificate/653a479e-5ec6-4fc8-9149-b602106a13ba",
            "options": [
              {
                "certificate_transparency_logging_preference": "DISABLED"
              }
            ],
            "private_key": "-----BEGIN RSA PRIVATE KEY-----\nMIIEpQIBAAKCAQEAx6utsBf3V7+Yaks424b83Ab7Yf9QisN8P+SLCasj7f+TbMoV\nid/SEXCRBuB2dDoR/c9u8pmCL7snhMVnFeTRYVlC4+pHS30IRqCv71wUJofV+5LS\ndy+OoCMXQxefpOWpYrQuzW48BMXmXVebKcXU1ZokasnOxIdi0xJIn5IQrkRg+UdL\ndbsngsEgYoJDjLHTwUL94QX+JMfTermgoLjIIHZxuMJfvTfRkquCB0++3CAhNYqx\nqbO5AQOGK9zMcojk6O9cEeh/kwQcdfQpxFuOB91yLUYBlc0roPOhsJX+e2klif5b\nkWpySEMfIoCwxMjbVaYaDVq+Ix2ucgIMnFpTIQIDAQABAoIBAANrGwQixOdJrnBT\nbVvEydtyeydIWbamdiAZ54940Jqof3ujUg8UN+J4jOMTQLPosponzPx2SFZM2/ZX\n8tXbHwKNpqmEP0g5kcSzx49PgkDOnok6EEReGhD/yMwrQV5vWCEKeKqnsntacAE1\nGMD0VBp8ExeI8PNIZha6/2dL9uEk3sLLFGbgCc9Tx5hm84yRYXKBaL/hnQOD0OG0\nQZwlX8GXd1RxAy/QmfBc0qt78h0yBWjcTjvxI5LURiHV3ILhuP3xWL3/yzJkFnj7\nzmGIzswK+BjiCCRwwR124qAF55qhTAxQ/59EDxwunKz8vobWUyd5cAruUJet6Huw\nxFOIdIkCgYEAyvUKC3lI22daoT7EonTQEMwVjFEalKDUNdHNoICVIxxRLDY3CjWs\nDjSYmVJ6Gmfr8gtKeS7FJcWa07Z+lnJYKWn9eMxQFEKakX8R7Ag6RIIWSOaPoCCM\n2MrmHN705+GRBPzilCt6zxHZynUr5KT5r6XvQ/hZnKn95sZpHC0tHwcCgYEA+9q/\n8YIM1hAV+PANCp1ftGGWkarCmEKB5lNUMyR6XoV2vnU7j8At0NZe4VXHIa8KEGPQ\nK6WDctcNNk/zWeGQIj77UHvGsRcUAzDGGAKW8baojiiQulWPXqaYONx10nxvBFjZ\nK0YQ3Rx20yvdzoBbQ+rm3GL0dln6x8MKj5/TSpcCgYEAlPBp5K2mt8wLCFWlu4p5\nvjnmfkhudy/nS2+htO1nhJKdRxKqJYXps6sJaUrLbGFjFwcOKgwWhXeT/VXpY8KZ\nzBqJ9oIJKjUOdUOJBWusRuYoMGtybxI0CkwrvngnxZsU71IdfJrDzv3Mk/SUt4AR\n88KT6Y9xQ7TELPzh2dmVSTUCgYEAkJM5PjUOk092nYmHowFGMDEZExO4U1lSYlqR\nai5VhK8OxDRd9Z43bruwiaAJCMAHgfMaTAPeWm0y62un4X/HkrEe6Uu0enIqDc7Q\n2HWcGrNlPP3yXtTA0W/G0FVV2XeO7yrlt56oDZXKbFyxHlq2iV1uGzM+7DWo7UV8\naYgw7Y8CgYEAte6zQJtVXXaVshkOxoWM4biNlGa/HRKDwn+AcOLSByI+TgZ0k2Sz\nGHkbR41QcJrIpe/lxUFj9NUEvaM6mv9BNRJK8P49f6tgPJjP6FRCEwj2Wz849Y4Q\nYyu2KwVpM5AqrVSKQBo0U/Xi1xuIvNluv24p0yBGx/FY+xFawOAzz+k=\n-----END RSA PRIVATE KEY-----\n",
            "status": "ISSUED",
            "subject_alternative_names": [],
            "tags": {},
            "tags_all": {},
            "validation_emails": [],
            "validation_method": "NONE"
          },
          "sensitive_attributes": [
            [
              {
                "type": "get_attr",
                "value": "private_key"
              }
            ]
          ],
          "private": "bnVsbA==",
          "dependencies": [
            "tls_private_key.first",
            "tls_self_signed_cert.first"
          ]
        }
      ]
    },
    {
      "mode": "managed",
      "type": "aws_api_gateway_base_path_mapping",
      "name": "first",
      "provider": "provider[\"registry.terraform.io/hashicorp/aws\"]",
      "instances": []
    },
    {
      "mode": "managed",
      "type": "aws_api_gateway_deployment",
      "name": "first",
      "provider": "provider[\"registry.terraform.io/hashicorp/aws\"]",
      "instances": [
        {
          "schema_version": 0,
          "attributes": {
            "created_date": "2021-05-26T11:53:24Z",
            "description": "",
            "execution_arn": "arn:aws:execute-api:us-west-2:612683071800:4vjb3ptx15/",
            "id": "8i3nx6",
            "invoke_url": "https://4vjb3ptx15.execute-api.us-west-2.amazonaws.com/",
            "rest_api_id": "4vjb3ptx15",
            "stage_description": null,
            "stage_name": null,
            "triggers": {
              "redeployment": "957b41879b37e48eee700fb371d7cc9f8339d180"
            },
            "variables": null
          },
          "sensitive_attributes": [],
          "private": "bnVsbA==",
          "dependencies": [
            "aws_api_gateway_rest_api.first"
          ],
          "create_before_destroy": true
        },
        {
          "deposed": "2b2cadfa",
          "schema_version": 0,
          "attributes": {
            "created_date": "2021-05-26T06:53:36Z",
            "description": "",
            "execution_arn": "arn:aws:execute-api:us-west-2:612683071800:4vjb3ptx15/",
            "id": "deslv8",
            "invoke_url": "https://4vjb3ptx15.execute-api.us-west-2.amazonaws.com/",
            "rest_api_id": "4vjb3ptx15",
            "stage_description": null,
            "stage_name": null,
            "triggers": {
              "redeployment": "e042aae1faf8de8d7c7c98c063a986025f058c69"
            },
            "variables": null
          },
          "sensitive_attributes": [],
          "private": "bnVsbA==",
          "dependencies": [
            "aws_api_gateway_rest_api.first"
          ],
          "create_before_destroy": true
        }
      ]
    },
    {
      "mode": "managed",
      "type": "aws_api_gateway_domain_name",
      "name": "first",
      "provider": "provider[\"registry.terraform.io/hashicorp/aws\"]",
      "instances": []
    },
    {
      "mode": "managed",
      "type": "aws_api_gateway_method_settings",
      "name": "first",
      "provider": "provider[\"registry.terraform.io/hashicorp/aws\"]",
      "instances": [
        {
          "schema_version": 0,
          "attributes": {
            "id": "4vjb3ptx15-first-*/*",
            "method_path": "*/*",
            "rest_api_id": "4vjb3ptx15",
            "settings": [
              {
                "cache_data_encrypted": false,
                "cache_ttl_in_seconds": 300,
                "caching_enabled": false,
                "data_trace_enabled": false,
                "logging_level": "",
                "metrics_enabled": true,
                "require_authorization_for_cache_control": true,
                "throttling_burst_limit": -1,
                "throttling_rate_limit": -1,
                "unauthorized_cache_control_header_strategy": "SUCCEED_WITH_RESPONSE_HEADER"
              }
            ],
            "stage_name": "first"
          },
          "sensitive_attributes": [],
          "private": "bnVsbA==",
          "dependencies": [
            "aws_api_gateway_deployment.first",
            "aws_api_gateway_rest_api.first",
            "aws_api_gateway_stage.first"
          ]
        }
      ]
    },
    {
      "mode": "managed",
      "type": "aws_api_gateway_rest_api",
      "name": "first",
      "provider": "provider[\"registry.terraform.io/hashicorp/aws\"]",
      "instances": [
        {
          "schema_version": 0,
          "attributes": {
            "api_key_source": "HEADER",
            "arn": "arn:aws:apigateway:us-west-2::/restapis/4vjb3ptx15",
            "binary_media_types": [],
            "body": "{\"info\":{\"title\":\"api-gateway-rest-api-openapi-first\",\"version\":\"1.0\"},\"openapi\":\"3.0.1\",\"paths\":{\"/path1\":{\"get\":{\"x-amazon-apigateway-integration\":{\"httpMethod\":\"GET\",\"payloadFormatVersion\":\"1.0\",\"type\":\"HTTP_PROXY\",\"uri\":\"https://ip-ranges.amazonaws.com/ip-ranges.json\"}}}}}",
            "created_date": "2021-05-26T06:53:29Z",
            "description": "",
            "disable_execute_api_endpoint": false,
            "endpoint_configuration": [
              {
                "types": [
                  "REGIONAL"
                ],
                "vpc_endpoint_ids": []
              }
            ],
            "execution_arn": "arn:aws:execute-api:us-west-2:612683071800:4vjb3ptx15",
            "id": "4vjb3ptx15",
            "minimum_compression_size": -1,
            "name": "api-gateway-rest-api-openapi-first",
            "parameters": null,
            "policy": "",
            "root_resource_id": "9hv357vwb7",
            "tags": {},
            "tags_all": {}
          },
          "sensitive_attributes": [],
          "private": "bnVsbA==",
          "create_before_destroy": true
        }
      ]
    },
    {
      "mode": "managed",
      "type": "aws_api_gateway_stage",
      "name": "first",
      "provider": "provider[\"registry.terraform.io/hashicorp/aws\"]",
      "instances": [
        {
          "schema_version": 0,
          "attributes": {
            "access_log_settings": [],
            "arn": "arn:aws:apigateway:us-west-2::/restapis/4vjb3ptx15/stages/first",
            "cache_cluster_enabled": false,
            "cache_cluster_size": "",
            "client_certificate_id": "",
            "deployment_id": "8i3nx6",
            "description": "",
            "documentation_version": "",
            "execution_arn": "arn:aws:execute-api:us-west-2:612683071800:4vjb3ptx15/first",
            "id": "ags-4vjb3ptx15-first",
            "invoke_url": "https://4vjb3ptx15.execute-api.us-west-2.amazonaws.com/first",
            "rest_api_id": "4vjb3ptx15",
            "stage_name": "first",
            "tags": null,
            "tags_all": {},
            "variables": null,
            "xray_tracing_enabled": false
          },
          "sensitive_attributes": [],
          "private": "bnVsbA==",
          "dependencies": [
            "aws_api_gateway_deployment.first",
            "aws_api_gateway_rest_api.first"
          ]
        }
      ]
    },
    {
      "mode": "managed",
      "type": "tls_private_key",
      "name": "first",
      "provider": "provider[\"registry.terraform.io/hashicorp/tls\"]",
      "instances": [
        {
          "schema_version": 0,
          "attributes": {
            "algorithm": "RSA",
            "ecdsa_curve": "P224",
            "id": "a0c7e521089e28ad89fe3b915fe603edd778a85e",
            "private_key_pem": "-----BEGIN RSA PRIVATE KEY-----\nMIIEpQIBAAKCAQEAx6utsBf3V7+Yaks424b83Ab7Yf9QisN8P+SLCasj7f+TbMoV\nid/SEXCRBuB2dDoR/c9u8pmCL7snhMVnFeTRYVlC4+pHS30IRqCv71wUJofV+5LS\ndy+OoCMXQxefpOWpYrQuzW48BMXmXVebKcXU1ZokasnOxIdi0xJIn5IQrkRg+UdL\ndbsngsEgYoJDjLHTwUL94QX+JMfTermgoLjIIHZxuMJfvTfRkquCB0++3CAhNYqx\nqbO5AQOGK9zMcojk6O9cEeh/kwQcdfQpxFuOB91yLUYBlc0roPOhsJX+e2klif5b\nkWpySEMfIoCwxMjbVaYaDVq+Ix2ucgIMnFpTIQIDAQABAoIBAANrGwQixOdJrnBT\nbVvEydtyeydIWbamdiAZ54940Jqof3ujUg8UN+J4jOMTQLPosponzPx2SFZM2/ZX\n8tXbHwKNpqmEP0g5kcSzx49PgkDOnok6EEReGhD/yMwrQV5vWCEKeKqnsntacAE1\nGMD0VBp8ExeI8PNIZha6/2dL9uEk3sLLFGbgCc9Tx5hm84yRYXKBaL/hnQOD0OG0\nQZwlX8GXd1RxAy/QmfBc0qt78h0yBWjcTjvxI5LURiHV3ILhuP3xWL3/yzJkFnj7\nzmGIzswK+BjiCCRwwR124qAF55qhTAxQ/59EDxwunKz8vobWUyd5cAruUJet6Huw\nxFOIdIkCgYEAyvUKC3lI22daoT7EonTQEMwVjFEalKDUNdHNoICVIxxRLDY3CjWs\nDjSYmVJ6Gmfr8gtKeS7FJcWa07Z+lnJYKWn9eMxQFEKakX8R7Ag6RIIWSOaPoCCM\n2MrmHN705+GRBPzilCt6zxHZynUr5KT5r6XvQ/hZnKn95sZpHC0tHwcCgYEA+9q/\n8YIM1hAV+PANCp1ftGGWkarCmEKB5lNUMyR6XoV2vnU7j8At0NZe4VXHIa8KEGPQ\nK6WDctcNNk/zWeGQIj77UHvGsRcUAzDGGAKW8baojiiQulWPXqaYONx10nxvBFjZ\nK0YQ3Rx20yvdzoBbQ+rm3GL0dln6x8MKj5/TSpcCgYEAlPBp5K2mt8wLCFWlu4p5\nvjnmfkhudy/nS2+htO1nhJKdRxKqJYXps6sJaUrLbGFjFwcOKgwWhXeT/VXpY8KZ\nzBqJ9oIJKjUOdUOJBWusRuYoMGtybxI0CkwrvngnxZsU71IdfJrDzv3Mk/SUt4AR\n88KT6Y9xQ7TELPzh2dmVSTUCgYEAkJM5PjUOk092nYmHowFGMDEZExO4U1lSYlqR\nai5VhK8OxDRd9Z43bruwiaAJCMAHgfMaTAPeWm0y62un4X/HkrEe6Uu0enIqDc7Q\n2HWcGrNlPP3yXtTA0W/G0FVV2XeO7yrlt56oDZXKbFyxHlq2iV1uGzM+7DWo7UV8\naYgw7Y8CgYEAte6zQJtVXXaVshkOxoWM4biNlGa/HRKDwn+AcOLSByI+TgZ0k2Sz\nGHkbR41QcJrIpe/lxUFj9NUEvaM6mv9BNRJK8P49f6tgPJjP6FRCEwj2Wz849Y4Q\nYyu2KwVpM5AqrVSKQBo0U/Xi1xuIvNluv24p0yBGx/FY+xFawOAzz+k=\n-----END RSA PRIVATE KEY-----\n",
            "public_key_fingerprint_md5": "5c:9c:ef:26:8f:69:71:6f:d4:b0:ea:97:27:29:8d:50",
            "public_key_openssh": "ssh-rsa AAAAB3NzaC1yc2EAAAADAQABAAABAQDHq62wF/dXv5hqSzjbhvzcBvth/1CKw3w/5IsJqyPt/5NsyhWJ39IRcJEG4HZ0OhH9z27ymYIvuyeExWcV5NFhWULj6kdLfQhGoK/vXBQmh9X7ktJ3L46gIxdDF5+k5alitC7NbjwExeZdV5spxdTVmiRqyc7Eh2LTEkifkhCuRGD5R0t1uyeCwSBigkOMsdPBQv3hBf4kx9N6uaCguMggdnG4wl+9N9GSq4IHT77cICE1irGps7kBA4Yr3MxyiOTo71wR6H+TBBx19CnEW44H3XItRgGVzSug86Gwlf57aSWJ/luRanJIQx8igLDEyNtVphoNWr4jHa5yAgycWlMh\n",
            "public_key_pem": "-----BEGIN PUBLIC KEY-----\nMIIBIjANBgkqhkiG9w0BAQEFAAOCAQ8AMIIBCgKCAQEAx6utsBf3V7+Yaks424b8\n3Ab7Yf9QisN8P+SLCasj7f+TbMoVid/SEXCRBuB2dDoR/c9u8pmCL7snhMVnFeTR\nYVlC4+pHS30IRqCv71wUJofV+5LSdy+OoCMXQxefpOWpYrQuzW48BMXmXVebKcXU\n1ZokasnOxIdi0xJIn5IQrkRg+UdLdbsngsEgYoJDjLHTwUL94QX+JMfTermgoLjI\nIHZxuMJfvTfRkquCB0++3CAhNYqxqbO5AQOGK9zMcojk6O9cEeh/kwQcdfQpxFuO\nB91yLUYBlc0roPOhsJX+e2klif5bkWpySEMfIoCwxMjbVaYaDVq+Ix2ucgIMnFpT\nIQIDAQAB\n-----END PUBLIC KEY-----\n",
            "rsa_bits": 2048
          },
          "sensitive_attributes": [],
          "private": "bnVsbA=="
        }
      ]
    },
    {
      "mode": "managed",
      "type": "tls_self_signed_cert",
      "name": "first",
      "provider": "provider[\"registry.terraform.io/hashicorp/tls\"]",
      "instances": [
        {
          "schema_version": 0,
          "attributes": {
            "allowed_uses": [
              "key_encipherment",
              "digital_signature",
              "server_auth"
            ],
            "cert_pem": "-----BEGIN CERTIFICATE-----\nMIIDNzCCAh+gAwIBAgIQRGiHBliXepl2A+yF+TQ8LzANBgkqhkiG9w0BAQsFADAx\nMRswGQYDVQQKExJBQ01FIEV4YW1wbGVzLCBJbmMxEjAQBgNVBAMTCWZpcnN0LmNv\nbTAeFw0yMTA1MjYxMTUzMTNaFw0yMTA1MjYyMzUzMTNaMDExGzAZBgNVBAoTEkFD\nTUUgRXhhbXBsZXMsIEluYzESMBAGA1UEAxMJZmlyc3QuY29tMIIBIjANBgkqhkiG\n9w0BAQEFAAOCAQ8AMIIBCgKCAQEAx6utsBf3V7+Yaks424b83Ab7Yf9QisN8P+SL\nCasj7f+TbMoVid/SEXCRBuB2dDoR/c9u8pmCL7snhMVnFeTRYVlC4+pHS30IRqCv\n71wUJofV+5LSdy+OoCMXQxefpOWpYrQuzW48BMXmXVebKcXU1ZokasnOxIdi0xJI\nn5IQrkRg+UdLdbsngsEgYoJDjLHTwUL94QX+JMfTermgoLjIIHZxuMJfvTfRkquC\nB0++3CAhNYqxqbO5AQOGK9zMcojk6O9cEeh/kwQcdfQpxFuOB91yLUYBlc0roPOh\nsJX+e2klif5bkWpySEMfIoCwxMjbVaYaDVq+Ix2ucgIMnFpTIQIDAQABo0swSTAO\nBgNVHQ8BAf8EBAMCBaAwEwYDVR0lBAwwCgYIKwYBBQUHAwEwDAYDVR0TAQH/BAIw\nADAUBgNVHREEDTALgglmaXJzdC5jb20wDQYJKoZIhvcNAQELBQADggEBADReJzWz\nb+WYUKVPrvDl6iFUgWCBFLL1PzoTbY2PDuOCFDKlysFyrXRRaLQclgkIiDozFABI\n7nXhVqegMJrAFZAMCGEqbkNig8Mx/gP4Lu6om0Q/T3pP5MhQyznZmycKsxxqj/tt\nf7UhKbmzqknXVgMJUyH/430WaSO/OwaIZtp2kVegcKpyLWZq7InGqXcYpri7FBde\n/fGaVGPMkX7r173QOB6j4RGJifY7om5MQojqgdLdcpkQ0CRnGHVKTRPedFGbISW8\nF0VPzEzA+77JnySYxvAeERHgKAXisGaBaxqPxRZC3+mLECVhMRGuGVOmCwZArdRm\nhQ0QIR3XibaKE8Y=\n-----END CERTIFICATE-----\n",
            "dns_names": [
              "first.com"
            ],
            "early_renewal_hours": 0,
            "id": "90930241214745177114526139166489852975",
            "ip_addresses": null,
            "is_ca_certificate": null,
            "key_algorithm": "RSA",
            "private_key_pem": "a0a8b5379b1cfa9fffdb689d1f4a7a7d4998f377",
            "ready_for_renewal": false,
            "set_subject_key_id": null,
            "subject": [
              {
                "common_name": "first.com",
                "country": "",
                "locality": "",
                "organization": "ACME Examples, Inc",
                "organizational_unit": "",
                "postal_code": "",
                "province": "",
                "serial_number": "",
                "street_address": null
              }
            ],
            "uris": null,
            "validity_end_time": "2021-05-27T05:23:13.0729256+05:30",
            "validity_period_hours": 12,
            "validity_start_time": "2021-05-26T17:23:13.0729256+05:30"
          },
          "sensitive_attributes": [
            [
              {
                "type": "get_attr",
                "value": "private_key_pem"
              }
            ]
          ],
          "private": "bnVsbA==",
          "dependencies": [
            "tls_private_key.first"
          ]
        }
      ]
    }
  ]
}
